
Microsoft Visual Studio Solution File, Format Version 12.00
# Visual Studio Version 17
VisualStudioVersion = 17.14.36518.9 d17.14
MinimumVisualStudioVersion = 10.0.40219.1
Project("{FAE04EC0-301F-11D3-BF4B-00C04F79EFBC}") = "ExoApi", "ExoApi\ExoApi.csproj", "{2CFC928D-7601-452D-BF6F-9B5F2BA37079}"
EndProject
Global
	GlobalSection(SolutionConfigurationPlatforms) = preSolution
		Debug|Any CPU = Debug|Any CPU
		Release|Any CPU = Release|Any CPU
	EndGlobalSection
	GlobalSection(ProjectConfigurationPlatforms) = postSolution
		{2CFC928D-7601-452D-BF6F-9B5F2BA37079}.Debug|Any CPU.ActiveCfg = Debug|Any CPU
		{2CFC928D-7601-452D-BF6F-9B5F2BA37079}.Debug|Any CPU.Build.0 = Debug|Any CPU
		{2CFC928D-7601-452D-BF6F-9B5F2BA37079}.Release|Any CPU.ActiveCfg = Release|Any CPU
		{2CFC928D-7601-452D-BF6F-9B5F2BA37079}.Release|Any CPU.Build.0 = Release|Any CPU
	EndGlobalSection
	GlobalSection(SolutionProperties) = preSolution
		HideSolutionNode = FALSE
	EndGlobalSection
	GlobalSection(ExtensibilityGlobals) = postSolution
		SolutionGuid = {438A053D-0251-4FD8-B7B0-3E5751F4339E}
	EndGlobalSection
EndGlobal
